
Microsoft Visual Studio Solution File, Format Version 12.00
# Visual Studio Version 17
VisualStudioVersion = 17.1.32421.90
MinimumVisualStudioVersion = 10.0.40219.1
Project("{9A19103F-16F7-4668-BE54-9A1E7A4F7556}") = "Marketplace", "Marketplace\Marketplace.csproj", "{A4E8AB42-84E0-4A95-92F0-39AC80A1B893}"
EndProject
Project("{FAE04EC0-301F-11D3-BF4B-00C04F79EFBC}") = "Marketplace.Domain", "Marketplace.Domain\Marketplace.Domain.csproj", "{22E13B8C-D302-4870-A67E-9318FBE21BE7}"
EndProject
Project("{FAE04EC0-301F-11D3-BF4B-00C04F79EFBC}") = "Marketplace.Tests", "Marketplace.Tests\Marketplace.Tests.csproj", "{7F1E7E6F-2A31-4430-A98E-827CB785F16F}"
EndProject
Global
	GlobalSection(SolutionConfigurationPlatforms) = preSolution
		Debug|Any CPU = Debug|Any CPU
		Release|Any CPU = Release|Any CPU
	EndGlobalSection
	GlobalSection(ProjectConfigurationPlatforms) = postSolution
		{A4E8AB42-84E0-4A95-92F0-39AC80A1B893}.Debug|Any CPU.ActiveCfg = Debug|Any CPU
		{A4E8AB42-84E0-4A95-92F0-39AC80A1B893}.Debug|Any CPU.Build.0 = Debug|Any CPU
		{A4E8AB42-84E0-4A95-92F0-39AC80A1B893}.Release|Any CPU.ActiveCfg = Release|Any CPU
		{A4E8AB42-84E0-4A95-92F0-39AC80A1B893}.Release|Any CPU.Build.0 = Release|Any CPU
		{22E13B8C-D302-4870-A67E-9318FBE21BE7}.Debug|Any CPU.ActiveCfg = Debug|Any CPU
		{22E13B8C-D302-4870-A67E-9318FBE21BE7}.Debug|Any CPU.Build.0 = Debug|Any CPU
		{22E13B8C-D302-4870-A67E-9318FBE21BE7}.Release|Any CPU.ActiveCfg = Release|Any CPU
		{22E13B8C-D302-4870-A67E-9318FBE21BE7}.Release|Any CPU.Build.0 = Release|Any CPU
		{7F1E7E6F-2A31-4430-A98E-827CB785F16F}.Debug|Any CPU.ActiveCfg = Debug|Any CPU
		{7F1E7E6F-2A31-4430-A98E-827CB785F16F}.Debug|Any CPU.Build.0 = Debug|Any CPU
		{7F1E7E6F-2A31-4430-A98E-827CB785F16F}.Release|Any CPU.ActiveCfg = Release|Any CPU
		{7F1E7E6F-2A31-4430-A98E-827CB785F16F}.Release|Any CPU.Build.0 = Release|Any CPU
	EndGlobalSection
	GlobalSection(SolutionProperties) = preSolution
		HideSolutionNode = FALSE
	EndGlobalSection
	GlobalSection(ExtensibilityGlobals) = postSolution
		SolutionGuid = {63F49380-F2F8-452E-8AA9-E468B983F501}
	EndGlobalSection
EndGlobal
